
Microsoft Visual Studio Solution File, Format Version 11.00
# Visual Studio 2010
Project("{FAE04EC0-301F-11D3-BF4B-00C04F79EFBC}") = "Assembly-CSharp-firstpass", "Assembly-CSharp-firstpass.csproj", "{95998AAD-BCFE-F103-586F-B95457EF31C0}"
EndProject
Project("{FAE04EC0-301F-11D3-BF4B-00C04F79EFBC}") = "Assembly-CSharp", "Assembly-CSharp.csproj", "{CE384807-D5F5-76D1-F1D0-5A4D620358F8}"
EndProject
Project("{FAE04EC0-301F-11D3-BF4B-00C04F79EFBC}") = "Assembly-CSharp-Editor-firstpass", "Assembly-CSharp-Editor-firstpass.csproj", "{C57CBC97-D7A7-047C-D6B2-AD549A3FEE52}"
EndProject
Global
	GlobalSection(SolutionConfigurationPlatforms) = preSolution
		Debug|Any CPU = Debug|Any CPU
		Release|Any CPU = Release|Any CPU
	EndGlobalSection
	GlobalSection(ProjectConfigurationPlatforms) = postSolution
		{95998AAD-BCFE-F103-586F-B95457EF31C0}.Debug|Any CPU.ActiveCfg = Debug|Any CPU
		{95998AAD-BCFE-F103-586F-B95457EF31C0}.Debug|Any CPU.Build.0 = Debug|Any CPU
		{95998AAD-BCFE-F103-586F-B95457EF31C0}.Release|Any CPU.ActiveCfg = Release|Any CPU
		{95998AAD-BCFE-F103-586F-B95457EF31C0}.Release|Any CPU.Build.0 = Release|Any CPU
		{CE384807-D5F5-76D1-F1D0-5A4D620358F8}.Debug|Any CPU.ActiveCfg = Debug|Any CPU
		{CE384807-D5F5-76D1-F1D0-5A4D620358F8}.Debug|Any CPU.Build.0 = Debug|Any CPU
		{CE384807-D5F5-76D1-F1D0-5A4D620358F8}.Release|Any CPU.ActiveCfg = Release|Any CPU
		{CE384807-D5F5-76D1-F1D0-5A4D620358F8}.Release|Any CPU.Build.0 = Release|Any CPU
		{C57CBC97-D7A7-047C-D6B2-AD549A3FEE52}.Debug|Any CPU.ActiveCfg = Debug|Any CPU
		{C57CBC97-D7A7-047C-D6B2-AD549A3FEE52}.Debug|Any CPU.Build.0 = Debug|Any CPU
		{C57CBC97-D7A7-047C-D6B2-AD549A3FEE52}.Release|Any CPU.ActiveCfg = Release|Any CPU
		{C57CBC97-D7A7-047C-D6B2-AD549A3FEE52}.Release|Any CPU.Build.0 = Release|Any CPU
	EndGlobalSection
	GlobalSection(SolutionProperties) = preSolution
		HideSolutionNode = FALSE
	EndGlobalSection
	GlobalSection(MonoDevelopProperties) = preSolution
		StartupItem = Assembly-CSharp.csproj
	EndGlobalSection
EndGlobal
